{
  "name": "eventopia",
  "version": "1.0.0",
  "lockfileVersion": 2,
  "requires": true,
  "packages": {
    "": {
      "name": "eventopia",
      "version": "1.0.0",
      "license": "ISC",
      "dependencies": {
        "concurrent": "^0.3.2"
      }
    },
    "node_modules/concurrent": {
      "version": "0.3.2",
      "resolved": "https://registry.npmjs.org/concurrent/-/concurrent-0.3.2.tgz",
      "integrity": "sha512-KoUIH3pHceLMOeviiAnOzdQ8630lNclszDv8IGXx2Gn+5xXZroLqSWWzisweX//X7LyYOCKy10398bb0ksjvsA=="
    }
  },
  "dependencies": {
    "concurrent": {
      "version": "0.3.2",
      "resolved": "https://registry.npmjs.org/concurrent/-/concurrent-0.3.2.tgz",
      "integrity": "sha512-KoUIH3pHceLMOeviiAnOzdQ8630lNclszDv8IGXx2Gn+5xXZroLqSWWzisweX//X7LyYOCKy10398bb0ksjvsA=="
    }
  }
}
